github.com/AdamShannag/toolkit/v2 v2.0.0 h1:VetpMQgT1mSIxMNfJTQXM+V78WKytatw167r6P2/l94=
github.com/AdamShannag/toolkit/v2 v2.0.0/go.mod h1:flai+QGnVrnt2KbXQ3JjFslKRXTgmXhMloKHGzoL07A=
github.com/go-chi/chi v1.5.4 h1:QHdzF2szwjqVV4wmByUnTcsbIg7UGaQ0tPF2t5GcAIs=
github.com/go-chi/chi v1.5.4/go.mod h1:uaf8YgoFazUOkPBG7fxPftUylNumIev9awIWOENIuEg=
github.com/go-chi/cors v1.2.1 h1:xEC8UT3Rlp2QuWNEr4Fs/c2EAGVKBwy/1vHx3bppil4=
github.com/go-chi/cors v1.2.1/go.mod h1:sSbTewc+6wYHBBCW7ytsFSn836hqM7JxpglAy2Vzc58=
github.com/google/uuid v1.3.0 h1:t6JiXgmwXMjEs8VusXIJk2BXHsn+wx8BZdTaoZ5fu7I=
github.com/google/uuid v1.3.0/go.mod h1:TIyPZe4MgqvfeYDBFedMoGGpEw/LqOeaOT+nhxU+yHo=
github.com/sijms/go-ora/v2 v2.6.11 h1:inBa/Tp0/kEl2prd3p5VabDXvmgVEelg328RYwsOCiE=
github.com/sijms/go-ora/v2 v2.6.11/go.mod h1:EHxlY6x7y9HAsdfumurRfTd+v8NrEOTR3Xl4FWlH6xk=
